
Microsoft Visual Studio Solution File, Format Version 12.00
# Visual Studio Version 16
VisualStudioVersion = 16.0.29728.190
MinimumVisualStudioVersion = 10.0.40219.1
Project("{9A19103F-16F7-4668-BE54-9A1E7A4F7556}") = "AnkiMovie_Console_Test", "AnkiMovie_Console_Test.csproj", "{FD06E198-2187-48CC-AD19-6058274F9C7C}"
EndProject
Global
	GlobalSection(SolutionConfigurationPlatforms) = preSolution
		Debug|Any CPU = Debug|Any CPU
		Release|Any CPU = Release|Any CPU
	EndGlobalSection
	GlobalSection(ProjectConfigurationPlatforms) = postSolution
		{FD06E198-2187-48CC-AD19-6058274F9C7C}.Debug|Any CPU.ActiveCfg = Debug|Any CPU
		{FD06E198-2187-48CC-AD19-6058274F9C7C}.Debug|Any CPU.Build.0 = Debug|Any CPU
		{FD06E198-2187-48CC-AD19-6058274F9C7C}.Release|Any CPU.ActiveCfg = Release|Any CPU
		{FD06E198-2187-48CC-AD19-6058274F9C7C}.Release|Any CPU.Build.0 = Release|Any CPU
	EndGlobalSection
	GlobalSection(SolutionProperties) = preSolution
		HideSolutionNode = FALSE
	EndGlobalSection
	GlobalSection(ExtensibilityGlobals) = postSolution
		SolutionGuid = {0CC7B6A0-BC7B-467A-938B-816858595AC4}
	EndGlobalSection
EndGlobal
